
Microsoft Visual Studio Solution File, Format Version 12.00
# Visual Studio 15
VisualStudioVersion = 15.0.27703.2042
MinimumVisualStudioVersion = 10.0.40219.1
Project("{FAE04EC0-301F-11D3-BF4B-00C04F79EFBC}") = "SampleWebApi", "SampleWebApi\SampleWebApi.csproj", "{F9F6CE36-86C7-4805-A4F3-33B7064CA4CA}"
EndProject
Global
	GlobalSection(SolutionConfigurationPlatforms) = preSolution
		Debug|Any CPU = Debug|Any CPU
		Release|Any CPU = Release|Any CPU
	EndGlobalSection
	GlobalSection(ProjectConfigurationPlatforms) = postSolution
		{F9F6CE36-86C7-4805-A4F3-33B7064CA4CA}.Debug|Any CPU.ActiveCfg = Debug|Any CPU
		{F9F6CE36-86C7-4805-A4F3-33B7064CA4CA}.Debug|Any CPU.Build.0 = Debug|Any CPU
		{F9F6CE36-86C7-4805-A4F3-33B7064CA4CA}.Release|Any CPU.ActiveCfg = Release|Any CPU
		{F9F6CE36-86C7-4805-A4F3-33B7064CA4CA}.Release|Any CPU.Build.0 = Release|Any CPU
	EndGlobalSection
	GlobalSection(SolutionProperties) = preSolution
		HideSolutionNode = FALSE
	EndGlobalSection
	GlobalSection(ExtensibilityGlobals) = postSolution
		SolutionGuid = {92084222-FD05-4A94-BC95-9C02AD4ACD66}
	EndGlobalSection
EndGlobal
